
Microsoft Visual Studio Solution File, Format Version 12.00
# Visual Studio Version 17
VisualStudioVersion = 17.7.34031.279
MinimumVisualStudioVersion = 10.0.40219.1
Project("{FAE04EC0-301F-11D3-BF4B-00C04F79EFBC}") = "Programs", "Programs\Programs.csproj", "{56505DC6-62F5-4F24-B9D6-98AA9D4AE21B}"
EndProject
Global
	GlobalSection(SolutionConfigurationPlatforms) = preSolution
		Debug|Any CPU = Debug|Any CPU
		Release|Any CPU = Release|Any CPU
	EndGlobalSection
	GlobalSection(ProjectConfigurationPlatforms) = postSolution
		{56505DC6-62F5-4F24-B9D6-98AA9D4AE21B}.Debug|Any CPU.ActiveCfg = Debug|Any CPU
		{56505DC6-62F5-4F24-B9D6-98AA9D4AE21B}.Debug|Any CPU.Build.0 = Debug|Any CPU
		{56505DC6-62F5-4F24-B9D6-98AA9D4AE21B}.Release|Any CPU.ActiveCfg = Release|Any CPU
		{56505DC6-62F5-4F24-B9D6-98AA9D4AE21B}.Release|Any CPU.Build.0 = Release|Any CPU
	EndGlobalSection
	GlobalSection(SolutionProperties) = preSolution
		HideSolutionNode = FALSE
	EndGlobalSection
	GlobalSection(ExtensibilityGlobals) = postSolution
		SolutionGuid = {8CD72308-3EFC-4850-AC6C-4BEB200FA9FE}
	EndGlobalSection
EndGlobal
